
Microsoft Visual Studio Solution File, Format Version 12.00
# Visual Studio 15
VisualStudioVersion = 15.0.26124.0
MinimumVisualStudioVersion = 15.0.26124.0
Project("{FAE04EC0-301F-11D3-BF4B-00C04F79EFBC}") = "Models", "Models\Models.csproj", "{FC4C1209-34CE-4F7F-B6F0-4A80DC5FE52E}"
EndProject
Project("{FAE04EC0-301F-11D3-BF4B-00C04F79EFBC}") = "Api", "Api\Api.csproj", "{1DE69355-6DEB-49E4-8013-31ADD15726D0}"
EndProject
Project("{FAE04EC0-301F-11D3-BF4B-00C04F79EFBC}") = "DataAccess", "DataAccess\DataAccess.csproj", "{4C369595-DCD9-453F-B59F-48180E858C73}"
EndProject
Global
	GlobalSection(SolutionConfigurationPlatforms) = preSolution
		Debug|Any CPU = Debug|Any CPU
		Debug|x64 = Debug|x64
		Debug|x86 = Debug|x86
		Release|Any CPU = Release|Any CPU
		Release|x64 = Release|x64
		Release|x86 = Release|x86
	EndGlobalSection
	GlobalSection(SolutionProperties) = preSolution
		HideSolutionNode = FALSE
	EndGlobalSection
	GlobalSection(ProjectConfigurationPlatforms) = postSolution
		{FC4C1209-34CE-4F7F-B6F0-4A80DC5FE52E}.Debug|Any CPU.ActiveCfg = Debug|Any CPU
		{FC4C1209-34CE-4F7F-B6F0-4A80DC5FE52E}.Debug|Any CPU.Build.0 = Debug|Any CPU
		{FC4C1209-34CE-4F7F-B6F0-4A80DC5FE52E}.Debug|x64.ActiveCfg = Debug|Any CPU
		{FC4C1209-34CE-4F7F-B6F0-4A80DC5FE52E}.Debug|x64.Build.0 = Debug|Any CPU
		{FC4C1209-34CE-4F7F-B6F0-4A80DC5FE52E}.Debug|x86.ActiveCfg = Debug|Any CPU
		{FC4C1209-34CE-4F7F-B6F0-4A80DC5FE52E}.Debug|x86.Build.0 = Debug|Any CPU
		{FC4C1209-34CE-4F7F-B6F0-4A80DC5FE52E}.Release|Any CPU.ActiveCfg = Release|Any CPU
		{FC4C1209-34CE-4F7F-B6F0-4A80DC5FE52E}.Release|Any CPU.Build.0 = Release|Any CPU
		{FC4C1209-34CE-4F7F-B6F0-4A80DC5FE52E}.Release|x64.ActiveCfg = Release|Any CPU
		{FC4C1209-34CE-4F7F-B6F0-4A80DC5FE52E}.Release|x64.Build.0 = Release|Any CPU
		{FC4C1209-34CE-4F7F-B6F0-4A80DC5FE52E}.Release|x86.ActiveCfg = Release|Any CPU
		{FC4C1209-34CE-4F7F-B6F0-4A80DC5FE52E}.Release|x86.Build.0 = Release|Any CPU
		{1DE69355-6DEB-49E4-8013-31ADD15726D0}.Debug|Any CPU.ActiveCfg = Debug|Any CPU
		{1DE69355-6DEB-49E4-8013-31ADD15726D0}.Debug|Any CPU.Build.0 = Debug|Any CPU
		{1DE69355-6DEB-49E4-8013-31ADD15726D0}.Debug|x64.ActiveCfg = Debug|Any CPU
		{1DE69355-6DEB-49E4-8013-31ADD15726D0}.Debug|x64.Build.0 = Debug|Any CPU
		{1DE69355-6DEB-49E4-8013-31ADD15726D0}.Debug|x86.ActiveCfg = Debug|Any CPU
		{1DE69355-6DEB-49E4-8013-31ADD15726D0}.Debug|x86.Build.0 = Debug|Any CPU
		{1DE69355-6DEB-49E4-8013-31ADD15726D0}.Release|Any CPU.ActiveCfg = Release|Any CPU
		{1DE69355-6DEB-49E4-8013-31ADD15726D0}.Release|Any CPU.Build.0 = Release|Any CPU
		{1DE69355-6DEB-49E4-8013-31ADD15726D0}.Release|x64.ActiveCfg = Release|Any CPU
		{1DE69355-6DEB-49E4-8013-31ADD15726D0}.Release|x64.Build.0 = Release|Any CPU
		{1DE69355-6DEB-49E4-8013-31ADD15726D0}.Release|x86.ActiveCfg = Release|Any CPU
		{1DE69355-6DEB-49E4-8013-31ADD15726D0}.Release|x86.Build.0 = Release|Any CPU
		{4C369595-DCD9-453F-B59F-48180E858C73}.Debug|Any CPU.ActiveCfg = Debug|Any CPU
		{4C369595-DCD9-453F-B59F-48180E858C73}.Debug|Any CPU.Build.0 = Debug|Any CPU
		{4C369595-DCD9-453F-B59F-48180E858C73}.Debug|x64.ActiveCfg = Debug|Any CPU
		{4C369595-DCD9-453F-B59F-48180E858C73}.Debug|x64.Build.0 = Debug|Any CPU
		{4C369595-DCD9-453F-B59F-48180E858C73}.Debug|x86.ActiveCfg = Debug|Any CPU
		{4C369595-DCD9-453F-B59F-48180E858C73}.Debug|x86.Build.0 = Debug|Any CPU
		{4C369595-DCD9-453F-B59F-48180E858C73}.Release|Any CPU.ActiveCfg = Release|Any CPU
		{4C369595-DCD9-453F-B59F-48180E858C73}.Release|Any CPU.Build.0 = Release|Any CPU
		{4C369595-DCD9-453F-B59F-48180E858C73}.Release|x64.ActiveCfg = Release|Any CPU
		{4C369595-DCD9-453F-B59F-48180E858C73}.Release|x64.Build.0 = Release|Any CPU
		{4C369595-DCD9-453F-B59F-48180E858C73}.Release|x86.ActiveCfg = Release|Any CPU
		{4C369595-DCD9-453F-B59F-48180E858C73}.Release|x86.Build.0 = Release|Any CPU
	EndGlobalSection
EndGlobal
